lockfileVersion: '9.0'

settings:
  autoInstallPeers: true
  excludeLinksFromLockfile: false

importers:

  .:
    devDependencies:
      '@startracex/dev-config':
        specifier: ^0.5.0
        version: 0.5.0
      '@types/node':
        specifier: ^24.2.1
        version: 24.2.1
      rolldown:
        specifier: 1.0.0-beta.31
        version: 1.0.0-beta.31
      typescript:
        specifier: ^5.9.2
        version: 5.9.2

packages:

  '@emnapi/core@1.4.5':
    resolution: {integrity: sha512-XsLw1dEOpkSX/WucdqUhPWP7hDxSvZiY+fsUC14h+FtQ2Ifni4znbBt8punRX+Uj2JG/uDb8nEHVKvrVlvdZ5Q==}

  '@emnapi/runtime@1.4.5':
    resolution: {integrity: sha512-++LApOtY0pEEz1zrd9vy1/zXVaVJJ/EbAF3u0fXIzPJEDtnITsBGbbK0EkM72amhl/R5b+5xx0Y/QhcVOpuulg==}

  '@emnapi/wasi-threads@1.0.4':
    resolution: {integrity: sha512-PJR+bOmMOPH8AtcTGAyYNiuJ3/Fcoj2XN/gBEWzDIKh254XO+mM9XoXHk5GNEhodxeMznbg7BlRojVbKN+gC6g==}

  '@napi-rs/wasm-runtime@1.0.3':
    resolution: {integrity: sha512-rZxtMsLwjdXkMUGC3WwsPwLNVqVqnTJT6MNIB6e+5fhMcSCPP0AOsNWuMQ5mdCq6HNjs/ZeWAEchpqeprqBD2Q==}

  '@oxc-project/runtime@0.80.0':
    resolution: {integrity: sha512-3rzy1bJAZ4s7zV9TKT60x119RwJDCDqEtCwK/Zc2qlm7wGhiIUxLLYUhE/mN91yB0u1kxm5sh4NjU12sPqQTpg==}
    engines: {node: '>=6.9.0'}

  '@oxc-project/types@0.80.0':
    resolution: {integrity: sha512-xxHQm8wfCv2e8EmtaDwpMeAHOWqgQDAYg+BJouLXSQt5oTKu9TIXrgNMGSrM2fLvKmECsRd9uUFAAD+hPyootA==}

  '@rolldown/binding-android-arm64@1.0.0-beta.31':
    resolution: {integrity: sha512-0mFtKwOG7smn0HkvQ6h8j0m/ohkR7Fp5eMTJ2Pns/HSbePHuDpxMaQ4TjZ6arlVXxpeWZlAHeT5BeNsOA3iWTg==}
    cpu: [arm64]
    os: [android]

  '@rolldown/binding-darwin-arm64@1.0.0-beta.31':
    resolution: {integrity: sha512-BHfHJ8Nb5G7ZKJl6pimJacupONT4F7w6gmQHw41rouAnJF51ORDwGefWeb6OMLzGmJwzxlIVPERfnJf1EsMM7A==}
    cpu: [arm64]
    os: [darwin]

  '@rolldown/binding-darwin-x64@1.0.0-beta.31':
    resolution: {integrity: sha512-4MiuRtExC08jHbSU/diIL+IuQP+3Ck1FbWAplK+ysQJ7fxT3DMxy5FmnIGfmhaqow8oTjb2GEwZJKgTRjZL1Vw==}
    cpu: [x64]
    os: [darwin]

  '@rolldown/binding-freebsd-x64@1.0.0-beta.31':
    resolution: {integrity: sha512-nffC1u7ccm12qlAea8ExY3AvqlaHy/o/3L4p5Es8JFJ3zJSs6e3DyuxGZZVdl9EVwsLxPPTvioIl4tEm2afwyw==}
    cpu: [x64]
    os: [freebsd]

  '@rolldown/binding-linux-arm-gnueabihf@1.0.0-beta.31':
    resolution: {integrity: sha512-LHmAaB3rB1GOJuHscKcL2Ts/LKLcb3YWTh2uQ/876rg/J9WE9kQ0kZ+3lRSYbth/YL8ln54j4JZmHpqQY3xptQ==}
    cpu: [arm]
    os: [linux]

  '@rolldown/binding-linux-arm64-gnu@1.0.0-beta.31':
    resolution: {integrity: sha512-oTDZVfqIAjLB2I1yTiLyyhfPPO6dky33sTblxTCpe+ZT55WizN3KDoBKJ4yXG8shI6I4bRShVu29Xg0yAjyQYw==}
    cpu: [arm64]
    os: [linux]
    libc: [glibc]

  '@rolldown/binding-linux-arm64-musl@1.0.0-beta.31':
    resolution: {integrity: sha512-duJ3IkEBj9Xe9NYW1n8Y3483VXHGi8zQ0ZsLbK8464EJUXLF7CXM8Ry+jkkUw+ZvA+Zu1E/+C6p2Y6T9el0C9g==}
    cpu: [arm64]
    os: [linux]
    libc: [musl]

  '@rolldown/binding-linux-arm64-ohos@1.0.0-beta.31':
    resolution: {integrity: sha512-qdbmU5QSZ0uoLZBYMxiHsMQmizqtzFGTVPU5oyU1n0jU0Mo+mkSzqZuL8VBnjHOHzhVxZsoAGH9JjiRzCnoGVA==}
    cpu: [arm64]
    os: [openharmony]

  '@rolldown/binding-linux-x64-gnu@1.0.0-beta.31':
    resolution: {integrity: sha512-H7+r34TSV8udB2gAsebFM/YuEeNCkPGEAGJ1JE7SgI9XML6FflqcdKfrRSneQFsPaom/gCEc1g0WW5MZ0O3blw==}
    cpu: [x64]
    os: [linux]
    libc: [glibc]

  '@rolldown/binding-linux-x64-musl@1.0.0-beta.31':
    resolution: {integrity: sha512-zRm2YmzFVqbsmUsyyZnHfJrOlQUcWS/FJ5ZWL8Q1kZh5PnLBrTVZNpakIWwAxpN5gNEi9MmFd5YHocVJp8ps1Q==}
    cpu: [x64]
    os: [linux]
    libc: [musl]

  '@rolldown/binding-wasm32-wasi@1.0.0-beta.31':
    resolution: {integrity: sha512-fM1eUIuHLsNJXRlWOuIIex1oBJ89I0skFWo5r/D3KSJ5gD9MBd3g4Hp+v1JGohvyFE+7ylnwRxSUyMEeYpA69A==}
    engines: {node: '>=14.0.0'}
    cpu: [wasm32]

  '@rolldown/binding-win32-arm64-msvc@1.0.0-beta.31':
    resolution: {integrity: sha512-4nftR9V2KHH3zjBwf6leuZZJQZ7v0d70ogjHIqB3SDsbDLvVEZiGSsSn2X6blSZRZeJSFzK0pp4kZ67zdZXwSw==}
    cpu: [arm64]
    os: [win32]

  '@rolldown/binding-win32-ia32-msvc@1.0.0-beta.31':
    resolution: {integrity: sha512-0TQcKu9xZVHYALit+WJsSuADGlTFfOXhnZoIHWWQhTk3OgbwwbYcSoZUXjRdFmR6Wswn4csHtJGN1oYKeQ6/2g==}
    cpu: [ia32]
    os: [win32]

  '@rolldown/binding-win32-x64-msvc@1.0.0-beta.31':
    resolution: {integrity: sha512-3zMICWwpZh1jrkkKDYIUCx/2wY3PXLICAS0AnbeLlhzfWPhCcpNK9eKhiTlLAZyTp+3kyipoi/ZSVIh+WDnBpQ==}
    cpu: [x64]
    os: [win32]

  '@rolldown/pluginutils@1.0.0-beta.31':
    resolution: {integrity: sha512-IaDZ9NhjOIOkYtm+hH0GX33h3iVZ2OeSUnFF0+7Z4+1GuKs4Kj5wK3+I2zNV9IPLfqV4XlwWif8SXrZNutxciQ==}

  '@startracex/dev-config@0.5.0':
    resolution: {integrity: sha512-T5dWvXmKjNJaJx2r1XdO/ZnrRavG93m1TZ8vOKGnZtz4fkVyKRogmFYYDjUQnPCTHsmJXCOSDfgAEnjBM3MIvA==}

  '@tybys/wasm-util@0.10.0':
    resolution: {integrity: sha512-VyyPYFlOMNylG45GoAe0xDoLwWuowvf92F9kySqzYh8vmYm7D2u4iUJKa1tOUpS70Ku13ASrOkS4ScXFsTaCNQ==}

  '@types/node@24.2.1':
    resolution: {integrity: sha512-DRh5K+ka5eJic8CjH7td8QpYEV6Zo10gfRkjHCO3weqZHWDtAaSTFtl4+VMqOJ4N5jcuhZ9/l+yy8rVgw7BQeQ==}

  ansis@4.1.0:
    resolution: {integrity: sha512-BGcItUBWSMRgOCe+SVZJ+S7yTRG0eGt9cXAHev72yuGcY23hnLA7Bky5L/xLyPINoSN95geovfBkqoTlNZYa7w==}
    engines: {node: '>=14'}

  rolldown@1.0.0-beta.31:
    resolution: {integrity: sha512-M2Q+RfG0FMJeSW3RSFTbvtjGVTcQpTQvN247D0EMSsPkpZFoinopR9oAnQiwgogQyzDuvKNnbyCbQQlmNAzSoQ==}
    hasBin: true

  tslib@2.8.1:
    resolution: {integrity: sha512-oJFu94HQb+KVduSUQL7wnpmqnfmLsOA/nAh6b6EH0wCEoK0/mPeXU6c3wKDV83MkOuHPRHtSXKKU99IBazS/2w==}

  typescript@5.9.2:
    resolution: {integrity: sha512-CWBzXQrc/qOkhidw1OzBTQuYRbfyxDXJMVJ1XNwUHGROVmuaeiEm3OslpZ1RV96d7SKKjZKrSJu3+t/xlw3R9A==}
    engines: {node: '>=14.17'}
    hasBin: true

  undici-types@7.10.0:
    resolution: {integrity: sha512-t5Fy/nfn+14LuOc2KNYg75vZqClpAiqscVvMygNnlsHBFpSXdJaYtXMcdNLpl/Qvc3P2cB3s6lOV51nqsFq4ag==}

snapshots:

  '@emnapi/core@1.4.5':
    dependencies:
      '@emnapi/wasi-threads': 1.0.4
      tslib: 2.8.1
    optional: true

  '@emnapi/runtime@1.4.5':
    dependencies:
      tslib: 2.8.1
    optional: true

  '@emnapi/wasi-threads@1.0.4':
    dependencies:
      tslib: 2.8.1
    optional: true

  '@napi-rs/wasm-runtime@1.0.3':
    dependencies:
      '@emnapi/core': 1.4.5
      '@emnapi/runtime': 1.4.5
      '@tybys/wasm-util': 0.10.0
    optional: true

  '@oxc-project/runtime@0.80.0': {}

  '@oxc-project/types@0.80.0': {}

  '@rolldown/binding-android-arm64@1.0.0-beta.31':
    optional: true

  '@rolldown/binding-darwin-arm64@1.0.0-beta.31':
    optional: true

  '@rolldown/binding-darwin-x64@1.0.0-beta.31':
    optional: true

  '@rolldown/binding-freebsd-x64@1.0.0-beta.31':
    optional: true

  '@rolldown/binding-linux-arm-gnueabihf@1.0.0-beta.31':
    optional: true

  '@rolldown/binding-linux-arm64-gnu@1.0.0-beta.31':
    optional: true

  '@rolldown/binding-linux-arm64-musl@1.0.0-beta.31':
    optional: true

  '@rolldown/binding-linux-arm64-ohos@1.0.0-beta.31':
    optional: true

  '@rolldown/binding-linux-x64-gnu@1.0.0-beta.31':
    optional: true

  '@rolldown/binding-linux-x64-musl@1.0.0-beta.31':
    optional: true

  '@rolldown/binding-wasm32-wasi@1.0.0-beta.31':
    dependencies:
      '@napi-rs/wasm-runtime': 1.0.3
    optional: true

  '@rolldown/binding-win32-arm64-msvc@1.0.0-beta.31':
    optional: true

  '@rolldown/binding-win32-ia32-msvc@1.0.0-beta.31':
    optional: true

  '@rolldown/binding-win32-x64-msvc@1.0.0-beta.31':
    optional: true

  '@rolldown/pluginutils@1.0.0-beta.31': {}

  '@startracex/dev-config@0.5.0': {}

  '@tybys/wasm-util@0.10.0':
    dependencies:
      tslib: 2.8.1
    optional: true

  '@types/node@24.2.1':
    dependencies:
      undici-types: 7.10.0

  ansis@4.1.0: {}

  rolldown@1.0.0-beta.31:
    dependencies:
      '@oxc-project/runtime': 0.80.0
      '@oxc-project/types': 0.80.0
      '@rolldown/pluginutils': 1.0.0-beta.31
      ansis: 4.1.0
    optionalDependencies:
      '@rolldown/binding-android-arm64': 1.0.0-beta.31
      '@rolldown/binding-darwin-arm64': 1.0.0-beta.31
      '@rolldown/binding-darwin-x64': 1.0.0-beta.31
      '@rolldown/binding-freebsd-x64': 1.0.0-beta.31
      '@rolldown/binding-linux-arm-gnueabihf': 1.0.0-beta.31
      '@rolldown/binding-linux-arm64-gnu': 1.0.0-beta.31
      '@rolldown/binding-linux-arm64-musl': 1.0.0-beta.31
      '@rolldown/binding-linux-arm64-ohos': 1.0.0-beta.31
      '@rolldown/binding-linux-x64-gnu': 1.0.0-beta.31
      '@rolldown/binding-linux-x64-musl': 1.0.0-beta.31
      '@rolldown/binding-wasm32-wasi': 1.0.0-beta.31
      '@rolldown/binding-win32-arm64-msvc': 1.0.0-beta.31
      '@rolldown/binding-win32-ia32-msvc': 1.0.0-beta.31
      '@rolldown/binding-win32-x64-msvc': 1.0.0-beta.31

  tslib@2.8.1:
    optional: true

  typescript@5.9.2: {}

  undici-types@7.10.0: {}
